
Microsoft Visual Studio Solution File, Format Version 12.00
# Visual Studio Version 17
VisualStudioVersion = 17.11.35208.52
MinimumVisualStudioVersion = 10.0.40219.1
Project("{FC65038C-1B2F-41E1-A629-BED71D161FFF}") = "ARGCustomerReport_EC (CUS) [Vitro ARG]", "ARGCustomerReport_EC.rnrproj", "{D3286A4E-7553-4519-925C-95BF660EF00C}"
EndProject
Global
	GlobalSection(SolutionConfigurationPlatforms) = preSolution
		Debug|Any CPU = Debug|Any CPU
	EndGlobalSection
	GlobalSection(ProjectConfigurationPlatforms) = postSolution
		{D3286A4E-7553-4519-925C-95BF660EF00C}.Debug|Any CPU.ActiveCfg = Debug|Any CPU
		{D3286A4E-7553-4519-925C-95BF660EF00C}.Debug|Any CPU.Build.0 = Debug|Any CPU
	EndGlobalSection
	GlobalSection(SolutionProperties) = preSolution
		HideSolutionNode = FALSE
	EndGlobalSection
	GlobalSection(ExtensibilityGlobals) = postSolution
		SolutionGuid = {F115A874-AB89-40CE-B443-0BC528F0F9F2}
	EndGlobalSection
EndGlobal
