
Microsoft Visual Studio Solution File, Format Version 12.00
# Visual Studio Version 17
VisualStudioVersion = 17.11.35208.52
MinimumVisualStudioVersion = 10.0.40219.1
Project("{FC65038C-1B2F-41E1-A629-BED71D161FFF}") = "ARGSysOpFramework_AP (CUS) [Vitro ARG]", "ARGSysOpFramework_AP.rnrproj", "{7DA33A73-1FD8-4B86-BD18-BF4153A29D51}"
EndProject
Global
	GlobalSection(SolutionConfigurationPlatforms) = preSolution
		Debug|Any CPU = Debug|Any CPU
	EndGlobalSection
	GlobalSection(ProjectConfigurationPlatforms) = postSolution
		{7DA33A73-1FD8-4B86-BD18-BF4153A29D51}.Debug|Any CPU.ActiveCfg = Debug|Any CPU
		{7DA33A73-1FD8-4B86-BD18-BF4153A29D51}.Debug|Any CPU.Build.0 = Debug|Any CPU
	EndGlobalSection
	GlobalSection(SolutionProperties) = preSolution
		HideSolutionNode = FALSE
	EndGlobalSection
	GlobalSection(ExtensibilityGlobals) = postSolution
		SolutionGuid = {C839CC01-860F-4369-8CA2-5EBF454D1E13}
	EndGlobalSection
EndGlobal
