
Microsoft Visual Studio Solution File, Format Version 12.00
# Visual Studio Version 17
VisualStudioVersion = 17.11.35208.52
MinimumVisualStudioVersion = 10.0.40219.1
Project("{FC65038C-1B2F-41E1-A629-BED71D161FFF}") = "ARGVertexCustomized (CUS) [Vitro ARG]", "ARGVertexCustomized.rnrproj", "{B2A42FB3-652C-4977-A369-5D2571D928D8}"
EndProject
Global
	GlobalSection(SolutionConfigurationPlatforms) = preSolution
		Debug|Any CPU = Debug|Any CPU
	EndGlobalSection
	GlobalSection(ProjectConfigurationPlatforms) = postSolution
		{B2A42FB3-652C-4977-A369-5D2571D928D8}.Debug|Any CPU.ActiveCfg = Debug|Any CPU
		{B2A42FB3-652C-4977-A369-5D2571D928D8}.Debug|Any CPU.Build.0 = Debug|Any CPU
	EndGlobalSection
	GlobalSection(SolutionProperties) = preSolution
		HideSolutionNode = FALSE
	EndGlobalSection
	GlobalSection(ExtensibilityGlobals) = postSolution
		SolutionGuid = {07C0D203-B9E2-4270-8314-0AA386F06CB7}
	EndGlobalSection
EndGlobal
